// !$*UTF8*$!
{
	archiveVersion = 1;
	classes = {
	};
	objectVersion = 46;
	objects = {

/* Begin PBXBuildFile section */
		C923E3721AE0196F0073AF4A /* AppDelegate.swift in Sources */ = {isa = PBXBuildFile; fileRef = C923E3711AE0196F0073AF4A /* AppDelegate.swift */; };
		C923E3741AE0196F0073AF4A /* ViewController.swift in Sources */ = {isa = PBXBuildFile; fileRef = C923E3731AE0196F0073AF4A /* ViewController.swift */; };
		C923E3771AE0196F0073AF4A /* Main.storyboard in Resources */ = {isa = PBXBuildFile; fileRef = C923E3751AE0196F0073AF4A /* Main.storyboard */; };
		C923E3791AE0196F0073AF4A /* Images.xcassets in Resources */ = {isa = PBXBuildFile; fileRef = C923E3781AE0196F0073AF4A /* Images.xcassets */; };
		C923E37C1AE0196F0073AF4A /* LaunchScreen.xib in Resources */ = {isa = PBXBuildFile; fileRef = C923E37A1AE0196F0073AF4A /* LaunchScreen.xib */; };
		C923E3881AE0196F0073AF4A /* class7hittestTests.swift in Sources */ = {isa = PBXBuildFile; fileRef = C923E3871AE0196F0073AF4A /* class7hittestTests.swift */; };
		C923E3921AE01DBD0073AF4A /* View1.swift in Sources */ = {isa = PBXBuildFile; fileRef = C923E3911AE01DBD0073AF4A /* View1.swift */; };
/* End PBXBuildFile section */

/* Begin PBXContainerItemProxy section */
		C923E3821AE0196F0073AF4A /* PBXContainerItemProxy */ = {
			isa = PBXContainerItemProxy;
			containerPortal = C923E3641AE0196E0073AF4A /* Project object */;
			proxyType = 1;
			remoteGlobalIDString = C923E36B1AE0196E0073AF4A;
			remoteInfo = class7hittest;
		};
/* End PBXContainerItemProxy section */

/* Begin PBXFileReference section */
		C923E36C1AE0196E0073AF4A /* class7hittest.app */ = {isa = PBXFileReference; explicitFileType = wrapper.application; includeInIndex = 0; path = class7hittest.app; sourceTree = BUILT_PRODUCTS_DIR; };
		C923E3701AE0196E0073AF4A /* Info.plist */ = {isa = PBXFileReference; lastKnownFileType = text.plist.xml; path = Info.plist; sourceTree = "<group>"; };
		C923E3711AE0196F0073AF4A /* AppDelegate.swift */ = {isa = PBXFileReference; lastKnownFileType = sourcecode.swift; path = AppDelegate.swift; sourceTree = "<group>"; };
		C923E3731AE0196F0073AF4A /* ViewController.swift */ = {isa = PBXFileReference; lastKnownFileType = sourcecode.swift; path = ViewController.swift; sourceTree = "<group>"; };
		C923E3761AE0196F0073AF4A /* Base */ = {isa = PBXFileReference; lastKnownFileType = file.storyboard; name = Base; path = Base.lproj/Main.storyboard; sourceTree = "<group>"; };
		C923E3781AE0196F0073AF4A /* Images.xcassets */ = {isa = PBXFileReference; lastKnownFileType = folder.assetcatalog; path = Images.xcassets; sourceTree = "<group>"; };
		C923E37B1AE0196F0073AF4A /* Base */ = {isa = PBXFileReference; lastKnownFileType = file.xib; name = Base; path = Base.lproj/LaunchScreen.xib; sourceTree = "<group>"; };
		C923E3811AE0196F0073AF4A /* class7hittestTests.xctest */ = {isa = PBXFileReference; explicitFileType = wrapper.cfbundle; includeInIndex = 0; path = class7hittestTests.xctest; sourceTree = BUILT_PRODUCTS_DIR; };
		C923E3861AE0196F0073AF4A /* Info.plist */ = {isa = PBXFileReference; lastKnownFileType = text.plist.xml; path = Info.plist; sourceTree = "<group>"; };
		C923E3871AE0196F0073AF4A /* class7hittestTests.swift */ = {isa = PBXFileReference; lastKnownFileType = sourcecode.swift; path = class7hittestTests.swift; sourceTree = "<group>"; };
		C923E3911AE01DBD0073AF4A /* View1.swift */ = {isa = PBXFileReference; fileEncoding = 4; lastKnownFileType = sourcecode.swift; path = View1.swift; sourceTree = "<group>"; };
/* End PBXFileReference section */

/* Begin PBXFrameworksBuildPhase section */
		C923E3691AE0196E0073AF4A /* Frameworks */ = {
			isa = PBXFrameworksBuildPhase;
			buildActionMask = 2147483647;
			files = (
			);
			runOnlyForDeploymentPostprocessing = 0;
		};
		C923E37E1AE0196F0073AF4A /* Frameworks */ = {
			isa = PBXFrameworksBuildPhase;
			buildActionMask = 2147483647;
			files = (
			);
			runOnlyForDeploymentPostprocessing = 0;
		};
/* End PBXFrameworksBuildPhase section */

/* Begin PBXGroup section */
		C923E3631AE0196E0073AF4A = {
			isa = PBXGroup;
			children = (
				C923E36E1AE0196E0073AF4A /* class7hittest */,
				C923E3841AE0196F0073AF4A /* class7hittestTests */,
				C923E36D1AE0196E0073AF4A /* Products */,
			);
			sourceTree = "<group>";
		};
		C923E36D1AE0196E0073AF4A /* Products */ = {
			isa = PBXGroup;
			children = (
				C923E36C1AE0196E0073AF4A /* class7hittest.app */,
				C923E3811AE0196F0073AF4A /* class7hittestTests.xctest */,
			);
			name = Products;
			sourceTree = "<group>";
		};
		C923E36E1AE0196E0073AF4A /* class7hittest */ = {
			isa = PBXGroup;
			children = (
				C923E3711AE0196F0073AF4A /* AppDelegate.swift */,
				C923E3731AE0196F0073AF4A /* ViewController.swift */,
				C923E3751AE0196F0073AF4A /* Main.storyboard */,
				C923E3781AE0196F0073AF4A /* Images.xcassets */,
				C923E37A1AE0196F0073AF4A /* LaunchScreen.xib */,
				C923E36F1AE0196E0073AF4A /* Supporting Files */,
				C923E3911AE01DBD0073AF4A /* View1.swift */,
			);
			path = class7hittest;
			sourceTree = "<group>";
		};
		C923E36F1AE0196E0073AF4A /* Supporting Files */ = {
			isa = PBXGroup;
			children = (
				C923E3701AE0196E0073AF4A /* Info.plist */,
			);
			name = "Supporting Files";
			sourceTree = "<group>";
		};
		C923E3841AE0196F0073AF4A /* class7hittestTests */ = {
			isa = PBXGroup;
			children = (
				C923E3871AE0196F0073AF4A /* class7hittestTests.swift */,
				C923E3851AE0196F0073AF4A /* Supporting Files */,
			);
			path = class7hittestTests;
			sourceTree = "<group>";
		};
		C923E3851AE0196F0073AF4A /* Supporting Files */ = {
			isa = PBXGroup;
			children = (
				C923E3861AE0196F0073AF4A /* Info.plist */,
			);
			name = "Supporting Files";
			sourceTree = "<group>";
		};
/* End PBXGroup section */

/* Begin PBXNativeTarget section */
		C923E36B1AE0196E0073AF4A /* class7hittest */ = {
			isa = PBXNativeTarget;
			buildConfigurationList = C923E38B1AE0196F0073AF4A /* Build configuration list for PBXNativeTarget "class7hittest" */;
			buildPhases = (
				C923E3681AE0196E0073AF4A /* Sources */,
				C923E3691AE0196E0073AF4A /* Frameworks */,
				C923E36A1AE0196E0073AF4A /* Resources */,
			);
			buildRules = (
			);
			dependencies = (
			);
			name = class7hittest;
			productName = class7hittest;
			productReference = C923E36C1AE0196E0073AF4A /* class7hittest.app */;
			productType = "com.apple.product-type.application";
		};
		C923E3801AE0196F0073AF4A /* class7hittestTests */ = {
			isa = PBXNativeTarget;
			buildConfigurationList = C923E38E1AE0196F0073AF4A /* Build configuration list for PBXNativeTarget "class7hittestTests" */;
			buildPhases = (
				C923E37D1AE0196F0073AF4A /* Sources */,
				C923E37E1AE0196F0073AF4A /* Frameworks */,
				C923E37F1AE0196F0073AF4A /* Resources */,
			);
			buildRules = (
			);
			dependencies = (
				C923E3831AE0196F0073AF4A /* PBXTargetDependency */,
			);
			name = class7hittestTests;
			productName = class7hittestTests;
			productReference = C923E3811AE0196F0073AF4A /* class7hittestTests.xctest */;
			productType = "com.apple.product-type.bundle.unit-test";
		};
/* End PBXNativeTarget section */

/* Begin PBXProject section */
		C923E3641AE0196E0073AF4A /* Project object */ = {
			isa = PBXProject;
			attributes = {
				LastUpgradeCheck = 0630;
				ORGANIZATIONNAME = Prenezsoft;
				TargetAttributes = {
					C923E36B1AE0196E0073AF4A = {
						CreatedOnToolsVersion = 6.3;
					};
					C923E3801AE0196F0073AF4A = {
						CreatedOnToolsVersion = 6.3;
						TestTargetID = C923E36B1AE0196E0073AF4A;
					};
				};
			};
			buildConfigurationList = C923E3671AE0196E0073AF4A /* Build configuration list for PBXProject "class7hittest" */;
			compatibilityVersion = "Xcode 3.2";
			developmentRegion = English;
			hasScannedForEncodings = 0;
			knownRegions = (
				en,
				Base,
			);
			mainGroup = C923E3631AE0196E0073AF4A;
			productRefGroup = C923E36D1AE0196E0073AF4A /* Products */;
			projectDirPath = "";
			projectRoot = "";
			targets = (
				C923E36B1AE0196E0073AF4A /* class7hittest */,
				C923E3801AE0196F0073AF4A /* class7hittestTests */,
			);
		};
/* End PBXProject section */

/* Begin PBXResourcesBuildPhase section */
		C923E36A1AE0196E0073AF4A /* Resources */ = {
			isa = PBXResourcesBuildPhase;
			buildActionMask = 2147483647;
			files = (
				C923E3771AE0196F0073AF4A /* Main.storyboard in Resources */,
				C923E37C1AE0196F0073AF4A /* LaunchScreen.xib in Resources */,
				C923E3791AE0196F0073AF4A /* Images.xcassets in Resources */,
			);
			runOnlyForDeploymentPostprocessing = 0;
		};
		C923E37F1AE0196F0073AF4A /* Resources */ = {
			isa = PBXResourcesBuildPhase;
			buildActionMask = 2147483647;
			files = (
			);
			runOnlyForDeploymentPostprocessing = 0;
		};
/* End PBXResourcesBuildPhase section */

/* Begin PBXSourcesBuildPhase section */
		C923E3681AE0196E0073AF4A /* Sources */ = {
			isa = PBXSourcesBuildPhase;
			buildActionMask = 2147483647;
			files = (
				C923E3741AE0196F0073AF4A /* ViewController.swift in Sources */,
				C923E3921AE01DBD0073AF4A /* View1.swift in Sources */,
				C923E3721AE0196F0073AF4A /* AppDelegate.swift in Sources */,
			);
			runOnlyForDeploymentPostprocessing = 0;
		};
		C923E37D1AE0196F0073AF4A /* Sources */ = {
			isa = PBXSourcesBuildPhase;
			buildActionMask = 2147483647;
			files = (
				C923E3881AE0196F0073AF4A /* class7hittestTests.swift in Sources */,
			);
			runOnlyForDeploymentPostprocessing = 0;
		};
/* End PBXSourcesBuildPhase section */

/* Begin PBXTargetDependency section */
		C923E3831AE0196F0073AF4A /* PBXTargetDependency */ = {
			isa = PBXTargetDependency;
			target = C923E36B1AE0196E0073AF4A /* class7hittest */;
			targetProxy = C923E3821AE0196F0073AF4A /* PBXContainerItemProxy */;
		};
/* End PBXTargetDependency section */

/* Begin PBXVariantGroup section */
		C923E3751AE0196F0073AF4A /* Main.storyboard */ = {
			isa = PBXVariantGroup;
			children = (
				C923E3761AE0196F0073AF4A /* Base */,
			);
			name = Main.storyboard;
			sourceTree = "<group>";
		};
		C923E37A1AE0196F0073AF4A /* LaunchScreen.xib */ = {
			isa = PBXVariantGroup;
			children = (
				C923E37B1AE0196F0073AF4A /* Base */,
			);
			name = LaunchScreen.xib;
			sourceTree = "<group>";
		};
/* End PBXVariantGroup section */

/* Begin XCBuildConfiguration section */
		C923E3891AE0196F0073AF4A /* Debug */ = {
			isa = XCBuildConfiguration;
			buildSettings = {
				ALWAYS_SEARCH_USER_PATHS = NO;
				CLANG_CXX_LANGUAGE_STANDARD = "gnu++0x";
				CLANG_CXX_LIBRARY = "libc++";
				CLANG_ENABLE_MODULES = YES;
				CLANG_ENABLE_OBJC_ARC = YES;
				CLANG_WARN_BOOL_CONVERSION = YES;
				CLANG_WARN_CONSTANT_CONVERSION = YES;
				CLANG_WARN_DIRECT_OBJC_ISA_USAGE = YES_ERROR;
				CLANG_WARN_EMPTY_BODY = YES;
				CLANG_WARN_ENUM_CONVERSION = YES;
				CLANG_WARN_INT_CONVERSION = YES;
				CLANG_WARN_OBJC_ROOT_CLASS = YES_ERROR;
				CLANG_WARN_UNREACHABLE_CODE = YES;
				CLANG_WARN__DUPLICATE_METHOD_MATCH = YES;
				"CODE_SIGN_IDENTITY[sdk=iphoneos*]" = "iPhone Developer";
				COPY_PHASE_STRIP = NO;
				DEBUG_INFORMATION_FORMAT = "dwarf-with-dsym";
				ENABLE_STRICT_OBJC_MSGSEND = YES;
				GCC_C_LANGUAGE_STANDARD = gnu99;
				GCC_DYNAMIC_NO_PIC = NO;
				GCC_NO_COMMON_BLOCKS = YES;
				GCC_OPTIMIZATION_LEVEL = 0;
				GCC_PREPROCESSOR_DEFINITIONS = (
					"DEBUG=1",
					"$(inherited)",
				);
				GCC_SYMBOLS_PRIVATE_EXTERN = NO;
				GCC_WARN_64_TO_32_BIT_CONVERSION = YES;
				GCC_WARN_ABOUT_RETURN_TYPE = YES_ERROR;
				GCC_WARN_UNDECLARED_SELECTOR = YES;
				GCC_WARN_UNINITIALIZED_AUTOS = YES_AGGRESSIVE;
				GCC_WARN_UNUSED_FUNCTION = YES;
				GCC_WARN_UNUSED_VARIABLE = YES;
				IPHONEOS_DEPLOYMENT_TARGET = 8.3;
				MTL_ENABLE_DEBUG_INFO = YES;
				ONLY_ACTIVE_ARCH = YES;
				SDKROOT = iphoneos;
				SWIFT_OPTIMIZATION_LEVEL = "-Onone";
				TARGETED_DEVICE_FAMILY = "1,2";
			};
			name = Debug;
		};
		C923E38A1AE0196F0073AF4A /* Release */ = {
			isa = XCBuildConfiguration;
			buildSettings = {
				ALWAYS_SEARCH_USER_PATHS = NO;
				CLANG_CXX_LANGUAGE_STANDARD = "gnu++0x";
				CLANG_CXX_LIBRARY = "libc++";
				CLANG_ENABLE_MODULES = YES;
				CLANG_ENABLE_OBJC_ARC = YES;
				CLANG_WARN_BOOL_CONVERSION = YES;
				CLANG_WARN_CONSTANT_CONVERSION = YES;
				CLANG_WARN_DIRECT_OBJC_ISA_USAGE = YES_ERROR;
				CLANG_WARN_EMPTY_BODY = YES;
				CLANG_WARN_ENUM_CONVERSION = YES;
				CLANG_WARN_INT_CONVERSION = YES;
				CLANG_WARN_OBJC_ROOT_CLASS = YES_ERROR;
				CLANG_WARN_UNREACHABLE_CODE = YES;
				CLANG_WARN__DUPLICATE_METHOD_MATCH = YES;
				"CODE_SIGN_IDENTITY[sdk=iphoneos*]" = "iPhone Developer";
				COPY_PHASE_STRIP = NO;
				DEBUG_INFORMATION_FORMAT = "dwarf-with-dsym";
				ENABLE_NS_ASSERTIONS = NO;
				ENABLE_STRICT_OBJC_MSGSEND = YES;
				GCC_C_LANGUAGE_STANDARD = gnu99;
				GCC_NO_COMMON_BLOCKS = YES;
				GCC_WARN_64_TO_32_BIT_CONVERSION = YES;
				GCC_WARN_ABOUT_RETURN_TYPE = YES_ERROR;
				GCC_WARN_UNDECLARED_SELECTOR = YES;
				GCC_WARN_UNINITIALIZED_AUTOS = YES_AGGRESSIVE;
				GCC_WARN_UNUSED_FUNCTION = YES;
				GCC_WARN_UNUSED_VARIABLE = YES;
				IPHONEOS_DEPLOYMENT_TARGET = 8.3;
				MTL_ENABLE_DEBUG_INFO = NO;
				SDKROOT = iphoneos;
				TARGETED_DEVICE_FAMILY = "1,2";
				VALIDATE_PRODUCT = YES;
			};
			name = Release;
		};
		C923E38C1AE0196F0073AF4A /* Debug */ = {
			isa = XCBuildConfiguration;
			buildSettings = {
				ASSETCATALOG_COMPILER_APPICON_NAME = AppIcon;
				INFOPLIST_FILE = class7hittest/Info.plist;
				LD_RUNPATH_SEARCH_PATHS = "$(inherited) @executable_path/Frameworks";
				PRODUCT_NAME = "$(TARGET_NAME)";
			};
			name = Debug;
		};
		C923E38D1AE0196F0073AF4A /* Release */ = {
			isa = XCBuildConfiguration;
			buildSettings = {
				ASSETCATALOG_COMPILER_APPICON_NAME = AppIcon;
				INFOPLIST_FILE = class7hittest/Info.plist;
				LD_RUNPATH_SEARCH_PATHS = "$(inherited) @executable_path/Frameworks";
				PRODUCT_NAME = "$(TARGET_NAME)";
			};
			name = Release;
		};
		C923E38F1AE0196F0073AF4A /* Debug */ = {
			isa = XCBuildConfiguration;
			buildSettings = {
				BUNDLE_LOADER = "$(TEST_HOST)";
				FRAMEWORK_SEARCH_PATHS = (
					"$(SDKROOT)/Developer/Library/Frameworks",
					"$(inherited)",
				);
				GCC_PREPROCESSOR_DEFINITIONS = (
					"DEBUG=1",
					"$(inherited)",
				);
				INFOPLIST_FILE = class7hittestTests/Info.plist;
				LD_RUNPATH_SEARCH_PATHS = "$(inherited) @executable_path/Frameworks @loader_path/Frameworks";
				PRODUCT_NAME = "$(TARGET_NAME)";
				TEST_HOST = "$(BUILT_PRODUCTS_DIR)/class7hittest.app/class7hittest";
			};
			name = Debug;
		};
		C923E3901AE0196F0073AF4A /* Release */ = {
			isa = XCBuildConfiguration;
			buildSettings = {
				BUNDLE_LOADER = "$(TEST_HOST)";
				FRAMEWORK_SEARCH_PATHS = (
					"$(SDKROOT)/Developer/Library/Frameworks",
					"$(inherited)",
				);
				INFOPLIST_FILE = class7hittestTests/Info.plist;
				LD_RUNPATH_SEARCH_PATHS = "$(inherited) @executable_path/Frameworks @loader_path/Frameworks";
				PRODUCT_NAME = "$(TARGET_NAME)";
				TEST_HOST = "$(BUILT_PRODUCTS_DIR)/class7hittest.app/class7hittest";
			};
			name = Release;
		};
/* End XCBuildConfiguration section */

/* Begin XCConfigurationList section */
		C923E3671AE0196E0073AF4A /* Build configuration list for PBXProject "class7hittest" */ = {
			isa = XCConfigurationList;
			buildConfigurations = (
				C923E3891AE0196F0073AF4A /* Debug */,
				C923E38A1AE0196F0073AF4A /* Release */,
			);
			defaultConfigurationIsVisible = 0;
			defaultConfigurationName = Release;
		};
		C923E38B1AE0196F0073AF4A /* Build configuration list for PBXNativeTarget "class7hittest" */ = {
			isa = XCConfigurationList;
			buildConfigurations = (
				C923E38C1AE0196F0073AF4A /* Debug */,
				C923E38D1AE0196F0073AF4A /* Release */,
			);
			defaultConfigurationIsVisible = 0;
		};
		C923E38E1AE0196F0073AF4A /* Build configuration list for PBXNativeTarget "class7hittestTests" */ = {
			isa = XCConfigurationList;
			buildConfigurations = (
				C923E38F1AE0196F0073AF4A /* Debug */,
				C923E3901AE0196F0073AF4A /* Release */,
			);
			defaultConfigurationIsVisible = 0;
		};
/* End XCConfigurationList section */
	};
	rootObject = C923E3641AE0196E0073AF4A /* Project object */;
}
